
Microsoft Visual Studio Solution File, Format Version 12.00
# Visual Studio 14
VisualStudioVersion = 14.0.25420.1
MinimumVisualStudioVersion = 10.0.40219.1
Project("{2150E333-8FDC-42A3-9474-1A3956D46DE8}") = "Application", "Application", "{19CC85CC-5DE8-4A74-9987-066AF0E2A895}"
EndProject
Project("{2150E333-8FDC-42A3-9474-1A3956D46DE8}") = "BUS", "BUS", "{8A74B0B9-8043-4822-8E17-35606D0355AD}"
EndProject
Project("{2150E333-8FDC-42A3-9474-1A3956D46DE8}") = "DAO", "DAO", "{62605DC6-AFC6-40BB-842E-07D86DAFB8D9}"
EndProject
Project("{FAE04EC0-301F-11D3-BF4B-00C04F79EFBC}") = "BV.DataAccess", "BV.DAO\DataAccess\BV.DataAccess.csproj", "{D98E7D51-7A82-4D0B-BEAE-1FF49A0810A5}"
EndProject
Project("{FAE04EC0-301F-11D3-BF4B-00C04F79EFBC}") = "BV.DataModel", "BV.DAO\DataModel\BV.DataModel.csproj", "{BD6DA53F-02B3-490B-957F-1C3A32F871E8}"
EndProject
Project("{FAE04EC0-301F-11D3-BF4B-00C04F79EFBC}") = "BV.Bussiness", "BV.BUS\Bussiness\BV.Bussiness.csproj", "{0EF1F8EA-4C02-4A88-8C10-237D18319F2A}"
EndProject
Project("{2150E333-8FDC-42A3-9474-1A3956D46DE8}") = "SharedComponent", "SharedComponent", "{B20119A6-A14B-4060-9B82-BF420232DE67}"
EndProject
Project("{FAE04EC0-301F-11D3-BF4B-00C04F79EFBC}") = "BV.QLKHO", "BV.Application\QLKHO\BV.QLKHO.csproj", "{8B9C74CE-C4D1-4428-968D-0FF8EB82A20A}"
EndProject
Project("{FAE04EC0-301F-11D3-BF4B-00C04F79EFBC}") = "BV.AppCommon", "BV.SharedComponent\AppCommon\BV.AppCommon.csproj", "{6C2362E7-7CBA-45DB-9CDE-2149928F0A3D}"
EndProject
Project("{FAE04EC0-301F-11D3-BF4B-00C04F79EFBC}") = "Common.Winforms", "BV.SharedComponent\Common.Winforms\Common.Winforms.csproj", "{7875F61B-E93A-4A90-BCA3-BA8A47AD32C3}"
EndProject
Project("{FAE04EC0-301F-11D3-BF4B-00C04F79EFBC}") = "BV.TiepNhanHoSo", "BV.Application\TiepNhanHoSo\BV.TiepNhanHoSo.csproj", "{92D213FC-ED4E-4619-83D2-3E0521E5DA17}"
EndProject
Project("{FAE04EC0-301F-11D3-BF4B-00C04F79EFBC}") = "BV.SharedComponent", "BV.SharedComponent\SharedComponent\BV.SharedComponent.csproj", "{5DAC15C1-5AEC-436E-B8FE-C31A1BB2B105}"
EndProject
Project("{FAE04EC0-301F-11D3-BF4B-00C04F79EFBC}") = "BV.QuanTriHeThong", "BV.Application\QuanTriHeThong\BV.QuanTriHeThong.csproj", "{8C7D75FB-8BE9-45C6-86B6-5A3F25C7CB98}"
EndProject
Global
	GlobalSection(SolutionConfigurationPlatforms) = preSolution
		Debug|Any CPU = Debug|Any CPU
		Release|Any CPU = Release|Any CPU
	EndGlobalSection
	GlobalSection(ProjectConfigurationPlatforms) = postSolution
		{D98E7D51-7A82-4D0B-BEAE-1FF49A0810A5}.Debug|Any CPU.ActiveCfg = Debug|Any CPU
		{D98E7D51-7A82-4D0B-BEAE-1FF49A0810A5}.Debug|Any CPU.Build.0 = Debug|Any CPU
		{D98E7D51-7A82-4D0B-BEAE-1FF49A0810A5}.Release|Any CPU.ActiveCfg = Release|Any CPU
		{D98E7D51-7A82-4D0B-BEAE-1FF49A0810A5}.Release|Any CPU.Build.0 = Release|Any CPU
		{BD6DA53F-02B3-490B-957F-1C3A32F871E8}.Debug|Any CPU.ActiveCfg = Debug|Any CPU
		{BD6DA53F-02B3-490B-957F-1C3A32F871E8}.Debug|Any CPU.Build.0 = Debug|Any CPU
		{BD6DA53F-02B3-490B-957F-1C3A32F871E8}.Release|Any CPU.ActiveCfg = Release|Any CPU
		{BD6DA53F-02B3-490B-957F-1C3A32F871E8}.Release|Any CPU.Build.0 = Release|Any CPU
		{0EF1F8EA-4C02-4A88-8C10-237D18319F2A}.Debug|Any CPU.ActiveCfg = Debug|Any CPU
		{0EF1F8EA-4C02-4A88-8C10-237D18319F2A}.Debug|Any CPU.Build.0 = Debug|Any CPU
		{0EF1F8EA-4C02-4A88-8C10-237D18319F2A}.Release|Any CPU.ActiveCfg = Release|Any CPU
		{0EF1F8EA-4C02-4A88-8C10-237D18319F2A}.Release|Any CPU.Build.0 = Release|Any CPU
		{8B9C74CE-C4D1-4428-968D-0FF8EB82A20A}.Debug|Any CPU.ActiveCfg = Debug|Any CPU
		{8B9C74CE-C4D1-4428-968D-0FF8EB82A20A}.Debug|Any CPU.Build.0 = Debug|Any CPU
		{8B9C74CE-C4D1-4428-968D-0FF8EB82A20A}.Release|Any CPU.ActiveCfg = Release|Any CPU
		{8B9C74CE-C4D1-4428-968D-0FF8EB82A20A}.Release|Any CPU.Build.0 = Release|Any CPU
		{6C2362E7-7CBA-45DB-9CDE-2149928F0A3D}.Debug|Any CPU.ActiveCfg = Debug|Any CPU
		{6C2362E7-7CBA-45DB-9CDE-2149928F0A3D}.Debug|Any CPU.Build.0 = Debug|Any CPU
		{6C2362E7-7CBA-45DB-9CDE-2149928F0A3D}.Release|Any CPU.ActiveCfg = Release|Any CPU
		{6C2362E7-7CBA-45DB-9CDE-2149928F0A3D}.Release|Any CPU.Build.0 = Release|Any CPU
		{7875F61B-E93A-4A90-BCA3-BA8A47AD32C3}.Debug|Any CPU.ActiveCfg = Debug|Any CPU
		{7875F61B-E93A-4A90-BCA3-BA8A47AD32C3}.Debug|Any CPU.Build.0 = Debug|Any CPU
		{7875F61B-E93A-4A90-BCA3-BA8A47AD32C3}.Release|Any CPU.ActiveCfg = Release|Any CPU
		{7875F61B-E93A-4A90-BCA3-BA8A47AD32C3}.Release|Any CPU.Build.0 = Release|Any CPU
		{92D213FC-ED4E-4619-83D2-3E0521E5DA17}.Debug|Any CPU.ActiveCfg = Debug|Any CPU
		{92D213FC-ED4E-4619-83D2-3E0521E5DA17}.Debug|Any CPU.Build.0 = Debug|Any CPU
		{92D213FC-ED4E-4619-83D2-3E0521E5DA17}.Release|Any CPU.ActiveCfg = Release|Any CPU
		{92D213FC-ED4E-4619-83D2-3E0521E5DA17}.Release|Any CPU.Build.0 = Release|Any CPU
		{5DAC15C1-5AEC-436E-B8FE-C31A1BB2B105}.Debug|Any CPU.ActiveCfg = Debug|Any CPU
		{5DAC15C1-5AEC-436E-B8FE-C31A1BB2B105}.Debug|Any CPU.Build.0 = Debug|Any CPU
		{5DAC15C1-5AEC-436E-B8FE-C31A1BB2B105}.Release|Any CPU.ActiveCfg = Release|Any CPU
		{5DAC15C1-5AEC-436E-B8FE-C31A1BB2B105}.Release|Any CPU.Build.0 = Release|Any CPU
		{8C7D75FB-8BE9-45C6-86B6-5A3F25C7CB98}.Debug|Any CPU.ActiveCfg = Debug|Any CPU
		{8C7D75FB-8BE9-45C6-86B6-5A3F25C7CB98}.Debug|Any CPU.Build.0 = Debug|Any CPU
		{8C7D75FB-8BE9-45C6-86B6-5A3F25C7CB98}.Release|Any CPU.ActiveCfg = Release|Any CPU
		{8C7D75FB-8BE9-45C6-86B6-5A3F25C7CB98}.Release|Any CPU.Build.0 = Release|Any CPU
	EndGlobalSection
	GlobalSection(SolutionProperties) = preSolution
		HideSolutionNode = FALSE
	EndGlobalSection
	GlobalSection(NestedProjects) = preSolution
		{D98E7D51-7A82-4D0B-BEAE-1FF49A0810A5} = {62605DC6-AFC6-40BB-842E-07D86DAFB8D9}
		{BD6DA53F-02B3-490B-957F-1C3A32F871E8} = {62605DC6-AFC6-40BB-842E-07D86DAFB8D9}
		{0EF1F8EA-4C02-4A88-8C10-237D18319F2A} = {8A74B0B9-8043-4822-8E17-35606D0355AD}
		{8B9C74CE-C4D1-4428-968D-0FF8EB82A20A} = {19CC85CC-5DE8-4A74-9987-066AF0E2A895}
		{6C2362E7-7CBA-45DB-9CDE-2149928F0A3D} = {B20119A6-A14B-4060-9B82-BF420232DE67}
		{7875F61B-E93A-4A90-BCA3-BA8A47AD32C3} = {B20119A6-A14B-4060-9B82-BF420232DE67}
		{92D213FC-ED4E-4619-83D2-3E0521E5DA17} = {19CC85CC-5DE8-4A74-9987-066AF0E2A895}
		{5DAC15C1-5AEC-436E-B8FE-C31A1BB2B105} = {B20119A6-A14B-4060-9B82-BF420232DE67}
		{8C7D75FB-8BE9-45C6-86B6-5A3F25C7CB98} = {19CC85CC-5DE8-4A74-9987-066AF0E2A895}
	EndGlobalSection
EndGlobal
