
Microsoft Visual Studio Solution File, Format Version 12.00
# Visual Studio 14
VisualStudioVersion = 14.0.25420.1
MinimumVisualStudioVersion = 10.0.40219.1
Project("{FAE04EC0-301F-11D3-BF4B-00C04F79EFBC}") = "BV.QLKHO", "BV304.QLKHO\BV.QLKHO.csproj", "{95845987-B242-4521-B90D-87D2EC86B8E3}"
EndProject
Project("{FAE04EC0-301F-11D3-BF4B-00C04F79EFBC}") = "BV.DataModel", "BVDataModel\BV.DataModel.csproj", "{BD6DA53F-02B3-490B-957F-1C3A32F871E8}"
EndProject
Project("{FAE04EC0-301F-11D3-BF4B-00C04F79EFBC}") = "BV.DataConnector", "DataConnector\BV.DataConnector.csproj", "{D98E7D51-7A82-4D0B-BEAE-1FF49A0810A5}"
EndProject
Project("{FAE04EC0-301F-11D3-BF4B-00C04F79EFBC}") = "BV.SharedComponent", "SharedComponent\BV.SharedComponent.csproj", "{5DAC15C1-5AEC-436E-B8FE-C31A1BB2B105}"
EndProject
Project("{FAE04EC0-301F-11D3-BF4B-00C04F79EFBC}") = "BV.AppCommon", "AppCommon\BV.AppCommon.csproj", "{6C2362E7-7CBA-45DB-9CDE-2149928F0A3D}"
EndProject
Project("{FAE04EC0-301F-11D3-BF4B-00C04F79EFBC}") = "BV.KhoTong.DataModel", "BV.KhoTong.DataModel\BV.KhoTong.DataModel.csproj", "{59A07A11-51AB-412C-A527-5A3D142354B1}"
EndProject
Project("{FAE04EC0-301F-11D3-BF4B-00C04F79EFBC}") = "BV.QuanTriHeThong", "BV304.QuanTriKho\BV.QuanTriHeThong.csproj", "{98307EB2-BC31-4909-872E-74B8FD2DEC28}"
EndProject
Global
	GlobalSection(SolutionConfigurationPlatforms) = preSolution
		Debug|Any CPU = Debug|Any CPU
		Release|Any CPU = Release|Any CPU
	EndGlobalSection
	GlobalSection(ProjectConfigurationPlatforms) = postSolution
		{95845987-B242-4521-B90D-87D2EC86B8E3}.Debug|Any CPU.ActiveCfg = Debug|Any CPU
		{95845987-B242-4521-B90D-87D2EC86B8E3}.Debug|Any CPU.Build.0 = Debug|Any CPU
		{95845987-B242-4521-B90D-87D2EC86B8E3}.Release|Any CPU.ActiveCfg = Release|Any CPU
		{95845987-B242-4521-B90D-87D2EC86B8E3}.Release|Any CPU.Build.0 = Release|Any CPU
		{BD6DA53F-02B3-490B-957F-1C3A32F871E8}.Debug|Any CPU.ActiveCfg = Debug|Any CPU
		{BD6DA53F-02B3-490B-957F-1C3A32F871E8}.Debug|Any CPU.Build.0 = Debug|Any CPU
		{BD6DA53F-02B3-490B-957F-1C3A32F871E8}.Release|Any CPU.ActiveCfg = Release|Any CPU
		{BD6DA53F-02B3-490B-957F-1C3A32F871E8}.Release|Any CPU.Build.0 = Release|Any CPU
		{D98E7D51-7A82-4D0B-BEAE-1FF49A0810A5}.Debug|Any CPU.ActiveCfg = Debug|Any CPU
		{D98E7D51-7A82-4D0B-BEAE-1FF49A0810A5}.Debug|Any CPU.Build.0 = Debug|Any CPU
		{D98E7D51-7A82-4D0B-BEAE-1FF49A0810A5}.Release|Any CPU.ActiveCfg = Release|Any CPU
		{D98E7D51-7A82-4D0B-BEAE-1FF49A0810A5}.Release|Any CPU.Build.0 = Release|Any CPU
		{5DAC15C1-5AEC-436E-B8FE-C31A1BB2B105}.Debug|Any CPU.ActiveCfg = Debug|Any CPU
		{5DAC15C1-5AEC-436E-B8FE-C31A1BB2B105}.Debug|Any CPU.Build.0 = Debug|Any CPU
		{5DAC15C1-5AEC-436E-B8FE-C31A1BB2B105}.Release|Any CPU.ActiveCfg = Release|Any CPU
		{5DAC15C1-5AEC-436E-B8FE-C31A1BB2B105}.Release|Any CPU.Build.0 = Release|Any CPU
		{6C2362E7-7CBA-45DB-9CDE-2149928F0A3D}.Debug|Any CPU.ActiveCfg = Debug|Any CPU
		{6C2362E7-7CBA-45DB-9CDE-2149928F0A3D}.Debug|Any CPU.Build.0 = Debug|Any CPU
		{6C2362E7-7CBA-45DB-9CDE-2149928F0A3D}.Release|Any CPU.ActiveCfg = Release|Any CPU
		{6C2362E7-7CBA-45DB-9CDE-2149928F0A3D}.Release|Any CPU.Build.0 = Release|Any CPU
		{59A07A11-51AB-412C-A527-5A3D142354B1}.Debug|Any CPU.ActiveCfg = Debug|Any CPU
		{59A07A11-51AB-412C-A527-5A3D142354B1}.Debug|Any CPU.Build.0 = Debug|Any CPU
		{59A07A11-51AB-412C-A527-5A3D142354B1}.Release|Any CPU.ActiveCfg = Release|Any CPU
		{59A07A11-51AB-412C-A527-5A3D142354B1}.Release|Any CPU.Build.0 = Release|Any CPU
		{98307EB2-BC31-4909-872E-74B8FD2DEC28}.Debug|Any CPU.ActiveCfg = Debug|Any CPU
		{98307EB2-BC31-4909-872E-74B8FD2DEC28}.Debug|Any CPU.Build.0 = Debug|Any CPU
		{98307EB2-BC31-4909-872E-74B8FD2DEC28}.Release|Any CPU.ActiveCfg = Release|Any CPU
		{98307EB2-BC31-4909-872E-74B8FD2DEC28}.Release|Any CPU.Build.0 = Release|Any CPU
	EndGlobalSection
	GlobalSection(SolutionProperties) = preSolution
		HideSolutionNode = FALSE
	EndGlobalSection
EndGlobal
